
Microsoft Visual Studio Solution File, Format Version 12.00
Project("{FAE04EC0-301F-11D3-BF4B-00C04F79EFBC}") = "WebUI", "WebUI\WebUI.csproj", "{507C2351-56D7-493D-8010-85CFCC09018A}"
EndProject
Project("{FAE04EC0-301F-11D3-BF4B-00C04F79EFBC}") = "Application", "Application\Application.csproj", "{D816969F-5FEE-4363-B163-8BF9D0C3F2CE}"
EndProject
Project("{FAE04EC0-301F-11D3-BF4B-00C04F79EFBC}") = "Infrastructure", "Infrastructure\Infrastructure.csproj", "{FB5311D3-679D-4FB4-815A-977DCEA6D0E1}"
EndProject
Project("{FAE04EC0-301F-11D3-BF4B-00C04F79EFBC}") = "Domain", "Domain\Domain.csproj", "{B4FE6DFD-19FE-47D4-B223-29B86CDF0ECE}"
EndProject
Global
	GlobalSection(SolutionConfigurationPlatforms) = preSolution
		Debug|Any CPU = Debug|Any CPU
		Release|Any CPU = Release|Any CPU
	EndGlobalSection
	GlobalSection(ProjectConfigurationPlatforms) = postSolution
		{507C2351-56D7-493D-8010-85CFCC09018A}.Debug|Any CPU.ActiveCfg = Debug|Any CPU
		{507C2351-56D7-493D-8010-85CFCC09018A}.Debug|Any CPU.Build.0 = Debug|Any CPU
		{507C2351-56D7-493D-8010-85CFCC09018A}.Release|Any CPU.ActiveCfg = Release|Any CPU
		{507C2351-56D7-493D-8010-85CFCC09018A}.Release|Any CPU.Build.0 = Release|Any CPU
		{D816969F-5FEE-4363-B163-8BF9D0C3F2CE}.Debug|Any CPU.ActiveCfg = Debug|Any CPU
		{D816969F-5FEE-4363-B163-8BF9D0C3F2CE}.Debug|Any CPU.Build.0 = Debug|Any CPU
		{D816969F-5FEE-4363-B163-8BF9D0C3F2CE}.Release|Any CPU.ActiveCfg = Release|Any CPU
		{D816969F-5FEE-4363-B163-8BF9D0C3F2CE}.Release|Any CPU.Build.0 = Release|Any CPU
		{FB5311D3-679D-4FB4-815A-977DCEA6D0E1}.Debug|Any CPU.ActiveCfg = Debug|Any CPU
		{FB5311D3-679D-4FB4-815A-977DCEA6D0E1}.Debug|Any CPU.Build.0 = Debug|Any CPU
		{FB5311D3-679D-4FB4-815A-977DCEA6D0E1}.Release|Any CPU.ActiveCfg = Release|Any CPU
		{FB5311D3-679D-4FB4-815A-977DCEA6D0E1}.Release|Any CPU.Build.0 = Release|Any CPU
		{B4FE6DFD-19FE-47D4-B223-29B86CDF0ECE}.Debug|Any CPU.ActiveCfg = Debug|Any CPU
		{B4FE6DFD-19FE-47D4-B223-29B86CDF0ECE}.Debug|Any CPU.Build.0 = Debug|Any CPU
		{B4FE6DFD-19FE-47D4-B223-29B86CDF0ECE}.Release|Any CPU.ActiveCfg = Release|Any CPU
		{B4FE6DFD-19FE-47D4-B223-29B86CDF0ECE}.Release|Any CPU.Build.0 = Release|Any CPU
	EndGlobalSection
EndGlobal
